
Microsoft Visual Studio Solution File, Format Version 12.00
Project("{FAE04EC0-301F-11D3-BF4B-00C04F79EFBC}") = "MyFilms.Api", "src\MyFilms.Api\MyFilms.Api.csproj", "{80CBF9D0-CEB9-4CBA-BC3C-4EBC445F23C0}"
EndProject
Project("{2150E333-8FDC-42A3-9474-1A3956D46DE8}") = "src", "src", "{FDB5725F-3417-45BA-895F-2FE645521782}"
EndProject
Project("{2150E333-8FDC-42A3-9474-1A3956D46DE8}") = "Api", "Api", "{C469A8E5-0C5A-40F0-B0EF-BE65F896BCF0}"
EndProject
Project("{2150E333-8FDC-42A3-9474-1A3956D46DE8}") = "Core", "Core", "{97573156-90B8-4222-A700-26DF6612305D}"
EndProject
Project("{2150E333-8FDC-42A3-9474-1A3956D46DE8}") = "Infrastructure", "src\Infrastructure", "{F977E395-7452-4FFC-8761-ACD5114EC059}"
EndProject
Project("{FAE04EC0-301F-11D3-BF4B-00C04F79EFBC}") = "MyFilms.Domain", "src\MyFilms.Domain\MyFilms.Domain.csproj", "{A64D623A-8A0D-4EFD-ADC2-DFD08ADE8F49}"
EndProject
Project("{FAE04EC0-301F-11D3-BF4B-00C04F79EFBC}") = "MyFilms.Application", "src\MyFilms.Application\MyFilms.Application.csproj", "{3101EF6E-05A8-4FD4-9B27-F0EE3D171B6C}"
EndProject
Project("{FAE04EC0-301F-11D3-BF4B-00C04F79EFBC}") = "MyFilms.Infrastructure", "src\MyFilms.Infrastructure\MyFilms.Infrastructure.csproj", "{4E072493-030F-4898-800D-DE47897BA050}"
EndProject
Project("{FAE04EC0-301F-11D3-BF4B-00C04F79EFBC}") = "MyFilms.Persistence", "src\MyFilms.Persistence\MyFilms.Persistence.csproj", "{34AA5B5B-D76C-4634-B75D-51C20EC2CE1E}"
EndProject
Global
	GlobalSection(SolutionConfigurationPlatforms) = preSolution
		Debug|Any CPU = Debug|Any CPU
		Release|Any CPU = Release|Any CPU
	EndGlobalSection
	GlobalSection(ProjectConfigurationPlatforms) = postSolution
		{80CBF9D0-CEB9-4CBA-BC3C-4EBC445F23C0}.Debug|Any CPU.ActiveCfg = Debug|Any CPU
		{80CBF9D0-CEB9-4CBA-BC3C-4EBC445F23C0}.Debug|Any CPU.Build.0 = Debug|Any CPU
		{80CBF9D0-CEB9-4CBA-BC3C-4EBC445F23C0}.Release|Any CPU.ActiveCfg = Release|Any CPU
		{80CBF9D0-CEB9-4CBA-BC3C-4EBC445F23C0}.Release|Any CPU.Build.0 = Release|Any CPU
		{A64D623A-8A0D-4EFD-ADC2-DFD08ADE8F49}.Debug|Any CPU.ActiveCfg = Debug|Any CPU
		{A64D623A-8A0D-4EFD-ADC2-DFD08ADE8F49}.Debug|Any CPU.Build.0 = Debug|Any CPU
		{A64D623A-8A0D-4EFD-ADC2-DFD08ADE8F49}.Release|Any CPU.ActiveCfg = Release|Any CPU
		{A64D623A-8A0D-4EFD-ADC2-DFD08ADE8F49}.Release|Any CPU.Build.0 = Release|Any CPU
		{3101EF6E-05A8-4FD4-9B27-F0EE3D171B6C}.Debug|Any CPU.ActiveCfg = Debug|Any CPU
		{3101EF6E-05A8-4FD4-9B27-F0EE3D171B6C}.Debug|Any CPU.Build.0 = Debug|Any CPU
		{3101EF6E-05A8-4FD4-9B27-F0EE3D171B6C}.Release|Any CPU.ActiveCfg = Release|Any CPU
		{3101EF6E-05A8-4FD4-9B27-F0EE3D171B6C}.Release|Any CPU.Build.0 = Release|Any CPU
		{4E072493-030F-4898-800D-DE47897BA050}.Debug|Any CPU.ActiveCfg = Debug|Any CPU
		{4E072493-030F-4898-800D-DE47897BA050}.Debug|Any CPU.Build.0 = Debug|Any CPU
		{4E072493-030F-4898-800D-DE47897BA050}.Release|Any CPU.ActiveCfg = Release|Any CPU
		{4E072493-030F-4898-800D-DE47897BA050}.Release|Any CPU.Build.0 = Release|Any CPU
		{34AA5B5B-D76C-4634-B75D-51C20EC2CE1E}.Debug|Any CPU.ActiveCfg = Debug|Any CPU
		{34AA5B5B-D76C-4634-B75D-51C20EC2CE1E}.Debug|Any CPU.Build.0 = Debug|Any CPU
		{34AA5B5B-D76C-4634-B75D-51C20EC2CE1E}.Release|Any CPU.ActiveCfg = Release|Any CPU
		{34AA5B5B-D76C-4634-B75D-51C20EC2CE1E}.Release|Any CPU.Build.0 = Release|Any CPU
	EndGlobalSection
	GlobalSection(NestedProjects) = preSolution
		{C469A8E5-0C5A-40F0-B0EF-BE65F896BCF0} = {FDB5725F-3417-45BA-895F-2FE645521782}
		{97573156-90B8-4222-A700-26DF6612305D} = {FDB5725F-3417-45BA-895F-2FE645521782}
		{F977E395-7452-4FFC-8761-ACD5114EC059} = {FDB5725F-3417-45BA-895F-2FE645521782}
		{80CBF9D0-CEB9-4CBA-BC3C-4EBC445F23C0} = {C469A8E5-0C5A-40F0-B0EF-BE65F896BCF0}
		{A64D623A-8A0D-4EFD-ADC2-DFD08ADE8F49} = {97573156-90B8-4222-A700-26DF6612305D}
		{3101EF6E-05A8-4FD4-9B27-F0EE3D171B6C} = {97573156-90B8-4222-A700-26DF6612305D}
		{4E072493-030F-4898-800D-DE47897BA050} = {F977E395-7452-4FFC-8761-ACD5114EC059}
		{34AA5B5B-D76C-4634-B75D-51C20EC2CE1E} = {F977E395-7452-4FFC-8761-ACD5114EC059}
	EndGlobalSection
EndGlobal
